
Microsoft Visual Studio Solution File, Format Version 12.00
# Visual Studio Version 16
VisualStudioVersion = 16.0.34601.136
MinimumVisualStudioVersion = 10.0.40219.1
Project("{FAE04EC0-301F-11D3-BF4B-00C04F79EFBC}") = "PetShopApp", "PetShopApp.csproj", "{46551BD0-FF41-4237-A154-011BFD286DC8}"
EndProject
Global
	GlobalSection(SolutionConfigurationPlatforms) = preSolution
		Debug|Any CPU = Debug|Any CPU
		Release|Any CPU = Release|Any CPU
	EndGlobalSection
	GlobalSection(ProjectConfigurationPlatforms) = postSolution
		{46551BD0-FF41-4237-A154-011BFD286DC8}.Debug|Any CPU.ActiveCfg = Debug|Any CPU
		{46551BD0-FF41-4237-A154-011BFD286DC8}.Debug|Any CPU.Build.0 = Debug|Any CPU
		{46551BD0-FF41-4237-A154-011BFD286DC8}.Release|Any CPU.ActiveCfg = Release|Any CPU
		{46551BD0-FF41-4237-A154-011BFD286DC8}.Release|Any CPU.Build.0 = Release|Any CPU
	EndGlobalSection
	GlobalSection(SolutionProperties) = preSolution
		HideSolutionNode = FALSE
	EndGlobalSection
	GlobalSection(ExtensibilityGlobals) = postSolution
		SolutionGuid = {7261F390-CF84-4F5C-A9A3-5A33C8FD6562}
	EndGlobalSection
EndGlobal
